
Microsoft Visual Studio Solution File, Format Version 12.00
# Visual Studio Version 16
VisualStudioVersion = 16.0.30523.141
MinimumVisualStudioVersion = 10.0.40219.1
Project("{9A19103F-16F7-4668-BE54-9A1E7A4F7556}") = "WebApplication1", "WebApplication1\WebApplication1.csproj", "{47325555-4080-4656-9D9E-BA3747D39FF0}"
EndProject
Project("{2150E333-8FDC-42A3-9474-1A3956D46DE8}") = "Solution Items", "Solution Items", "{B30BF53C-CA60-45A3-A1CF-6A8CEA93369C}"
	ProjectSection(SolutionItems) = preProject
		README.md = README.md
	EndProjectSection
EndProject
Project("{9A19103F-16F7-4668-BE54-9A1E7A4F7556}") = "eShopSolution.data", "eShopSolution.data\eShopSolution.data.csproj", "{5C9F2117-E845-46FE-86D9-90874D66E7BF}"
EndProject
Project("{9A19103F-16F7-4668-BE54-9A1E7A4F7556}") = "eShopSolution.Application", "eShopSolution.Application\eShopSolution.Application.csproj", "{5D0ED350-CC01-42BF-9FD1-C3C25C928A38}"
EndProject
Project("{FAE04EC0-301F-11D3-BF4B-00C04F79EFBC}") = "eShopSolution.Utilities", "eShopSolution.Utilities\eShopSolution.Utilities.csproj", "{BE65D4E6-D50E-40D7-A785-53629B65226D}"
EndProject
Global
	GlobalSection(SolutionConfigurationPlatforms) = preSolution
		Debug|Any CPU = Debug|Any CPU
		Release|Any CPU = Release|Any CPU
	EndGlobalSection
	GlobalSection(ProjectConfigurationPlatforms) = postSolution
		{47325555-4080-4656-9D9E-BA3747D39FF0}.Debug|Any CPU.ActiveCfg = Debug|Any CPU
		{47325555-4080-4656-9D9E-BA3747D39FF0}.Debug|Any CPU.Build.0 = Debug|Any CPU
		{47325555-4080-4656-9D9E-BA3747D39FF0}.Release|Any CPU.ActiveCfg = Release|Any CPU
		{47325555-4080-4656-9D9E-BA3747D39FF0}.Release|Any CPU.Build.0 = Release|Any CPU
		{5C9F2117-E845-46FE-86D9-90874D66E7BF}.Debug|Any CPU.ActiveCfg = Debug|Any CPU
		{5C9F2117-E845-46FE-86D9-90874D66E7BF}.Debug|Any CPU.Build.0 = Debug|Any CPU
		{5C9F2117-E845-46FE-86D9-90874D66E7BF}.Release|Any CPU.ActiveCfg = Release|Any CPU
		{5C9F2117-E845-46FE-86D9-90874D66E7BF}.Release|Any CPU.Build.0 = Release|Any CPU
		{5D0ED350-CC01-42BF-9FD1-C3C25C928A38}.Debug|Any CPU.ActiveCfg = Debug|Any CPU
		{5D0ED350-CC01-42BF-9FD1-C3C25C928A38}.Debug|Any CPU.Build.0 = Debug|Any CPU
		{5D0ED350-CC01-42BF-9FD1-C3C25C928A38}.Release|Any CPU.ActiveCfg = Release|Any CPU
		{5D0ED350-CC01-42BF-9FD1-C3C25C928A38}.Release|Any CPU.Build.0 = Release|Any CPU
		{BE65D4E6-D50E-40D7-A785-53629B65226D}.Debug|Any CPU.ActiveCfg = Debug|Any CPU
		{BE65D4E6-D50E-40D7-A785-53629B65226D}.Debug|Any CPU.Build.0 = Debug|Any CPU
		{BE65D4E6-D50E-40D7-A785-53629B65226D}.Release|Any CPU.ActiveCfg = Release|Any CPU
		{BE65D4E6-D50E-40D7-A785-53629B65226D}.Release|Any CPU.Build.0 = Release|Any CPU
	EndGlobalSection
	GlobalSection(SolutionProperties) = preSolution
		HideSolutionNode = FALSE
	EndGlobalSection
	GlobalSection(ExtensibilityGlobals) = postSolution
		SolutionGuid = {EC485AE5-9469-45CF-A744-AD2456878F21}
	EndGlobalSection
EndGlobal
