
Microsoft Visual Studio Solution File, Format Version 12.00
# Visual Studio Version 16
VisualStudioVersion = 16.0.30523.141
MinimumVisualStudioVersion = 10.0.40219.1
Project("{2150E333-8FDC-42A3-9474-1A3956D46DE8}") = "0.Solution Items", "0.Solution Items", "{B30BF53C-CA60-45A3-A1CF-6A8CEA93369C}"
	ProjectSection(SolutionItems) = preProject
		README.md = README.md
	EndProjectSection
EndProject
Project("{9A19103F-16F7-4668-BE54-9A1E7A4F7556}") = "eShopSolution.data", "eShopSolution.data\eShopSolution.data.csproj", "{5C9F2117-E845-46FE-86D9-90874D66E7BF}"
EndProject
Project("{9A19103F-16F7-4668-BE54-9A1E7A4F7556}") = "eShopSolution.Application", "eShopSolution.Application\eShopSolution.Application.csproj", "{5D0ED350-CC01-42BF-9FD1-C3C25C928A38}"
EndProject
Project("{9A19103F-16F7-4668-BE54-9A1E7A4F7556}") = "eShopSolution.Utilities", "eShopSolution.Utilities\eShopSolution.Utilities.csproj", "{BE65D4E6-D50E-40D7-A785-53629B65226D}"
EndProject
Project("{9A19103F-16F7-4668-BE54-9A1E7A4F7556}") = "eShopSolution.ViewModels", "eShopSolution.ViewModels\eShopSolution.ViewModels.csproj", "{068F0FF4-980C-4452-9892-541B1A955CC1}"
EndProject
Project("{9A19103F-16F7-4668-BE54-9A1E7A4F7556}") = "eShopSolution.BackendAPI", "eShopSolution.BackendAPI\eShopSolution.BackendAPI.csproj", "{CB3FACBF-FF2D-42DC-B7E0-83C2F7F59B7C}"
EndProject
Project("{2150E333-8FDC-42A3-9474-1A3956D46DE8}") = "3.Host", "3.Host", "{193944EB-12FA-4680-B208-9071F0A9CB9F}"
EndProject
Project("{2150E333-8FDC-42A3-9474-1A3956D46DE8}") = "2.Domain", "2.Domain", "{0F9680C0-2095-4402-9F37-D43CC0F5276F}"
EndProject
Project("{2150E333-8FDC-42A3-9474-1A3956D46DE8}") = "1.Infrastructure", "1.Infrastructure", "{34DA9ABD-98C9-4899-B0BD-654974E9903F}"
EndProject
Project("{9A19103F-16F7-4668-BE54-9A1E7A4F7556}") = "eShopSolution.AdminApp", "eShopSolution.AdminApp\eShopSolution.AdminApp.csproj", "{8E3FFEE8-B47F-4044-81F1-6541CF2546CD}"
EndProject
Project("{9A19103F-16F7-4668-BE54-9A1E7A4F7556}") = "eShopSolution.WebApp", "eShopSolution.WebApp\eShopSolution.WebApp.csproj", "{20110616-4A1D-4D01-BD18-2CBD2EA80FAD}"
EndProject
Project("{FAE04EC0-301F-11D3-BF4B-00C04F79EFBC}") = "eShopSolution.ApiIntegration", "eShopSolution.ApiIntegration\eShopSolution.ApiIntegration.csproj", "{D2344072-C76B-4482-BF34-44E901EBC096}"
EndProject
Global
	GlobalSection(SolutionConfigurationPlatforms) = preSolution
		Debug|Any CPU = Debug|Any CPU
		Release|Any CPU = Release|Any CPU
	EndGlobalSection
	GlobalSection(ProjectConfigurationPlatforms) = postSolution
		{5C9F2117-E845-46FE-86D9-90874D66E7BF}.Debug|Any CPU.ActiveCfg = Debug|Any CPU
		{5C9F2117-E845-46FE-86D9-90874D66E7BF}.Debug|Any CPU.Build.0 = Debug|Any CPU
		{5C9F2117-E845-46FE-86D9-90874D66E7BF}.Release|Any CPU.ActiveCfg = Release|Any CPU
		{5C9F2117-E845-46FE-86D9-90874D66E7BF}.Release|Any CPU.Build.0 = Release|Any CPU
		{5D0ED350-CC01-42BF-9FD1-C3C25C928A38}.Debug|Any CPU.ActiveCfg = Debug|Any CPU
		{5D0ED350-CC01-42BF-9FD1-C3C25C928A38}.Debug|Any CPU.Build.0 = Debug|Any CPU
		{5D0ED350-CC01-42BF-9FD1-C3C25C928A38}.Release|Any CPU.ActiveCfg = Release|Any CPU
		{5D0ED350-CC01-42BF-9FD1-C3C25C928A38}.Release|Any CPU.Build.0 = Release|Any CPU
		{BE65D4E6-D50E-40D7-A785-53629B65226D}.Debug|Any CPU.ActiveCfg = Debug|Any CPU
		{BE65D4E6-D50E-40D7-A785-53629B65226D}.Debug|Any CPU.Build.0 = Debug|Any CPU
		{BE65D4E6-D50E-40D7-A785-53629B65226D}.Release|Any CPU.ActiveCfg = Release|Any CPU
		{BE65D4E6-D50E-40D7-A785-53629B65226D}.Release|Any CPU.Build.0 = Release|Any CPU
		{068F0FF4-980C-4452-9892-541B1A955CC1}.Debug|Any CPU.ActiveCfg = Debug|Any CPU
		{068F0FF4-980C-4452-9892-541B1A955CC1}.Debug|Any CPU.Build.0 = Debug|Any CPU
		{068F0FF4-980C-4452-9892-541B1A955CC1}.Release|Any CPU.ActiveCfg = Release|Any CPU
		{068F0FF4-980C-4452-9892-541B1A955CC1}.Release|Any CPU.Build.0 = Release|Any CPU
		{CB3FACBF-FF2D-42DC-B7E0-83C2F7F59B7C}.Debug|Any CPU.ActiveCfg = Debug|Any CPU
		{CB3FACBF-FF2D-42DC-B7E0-83C2F7F59B7C}.Debug|Any CPU.Build.0 = Debug|Any CPU
		{CB3FACBF-FF2D-42DC-B7E0-83C2F7F59B7C}.Release|Any CPU.ActiveCfg = Release|Any CPU
		{CB3FACBF-FF2D-42DC-B7E0-83C2F7F59B7C}.Release|Any CPU.Build.0 = Release|Any CPU
		{8E3FFEE8-B47F-4044-81F1-6541CF2546CD}.Debug|Any CPU.ActiveCfg = Debug|Any CPU
		{8E3FFEE8-B47F-4044-81F1-6541CF2546CD}.Debug|Any CPU.Build.0 = Debug|Any CPU
		{8E3FFEE8-B47F-4044-81F1-6541CF2546CD}.Release|Any CPU.ActiveCfg = Release|Any CPU
		{8E3FFEE8-B47F-4044-81F1-6541CF2546CD}.Release|Any CPU.Build.0 = Release|Any CPU
		{20110616-4A1D-4D01-BD18-2CBD2EA80FAD}.Debug|Any CPU.ActiveCfg = Debug|Any CPU
		{20110616-4A1D-4D01-BD18-2CBD2EA80FAD}.Debug|Any CPU.Build.0 = Debug|Any CPU
		{20110616-4A1D-4D01-BD18-2CBD2EA80FAD}.Release|Any CPU.ActiveCfg = Release|Any CPU
		{20110616-4A1D-4D01-BD18-2CBD2EA80FAD}.Release|Any CPU.Build.0 = Release|Any CPU
		{D2344072-C76B-4482-BF34-44E901EBC096}.Debug|Any CPU.ActiveCfg = Debug|Any CPU
		{D2344072-C76B-4482-BF34-44E901EBC096}.Debug|Any CPU.Build.0 = Debug|Any CPU
		{D2344072-C76B-4482-BF34-44E901EBC096}.Release|Any CPU.ActiveCfg = Release|Any CPU
		{D2344072-C76B-4482-BF34-44E901EBC096}.Release|Any CPU.Build.0 = Release|Any CPU
	EndGlobalSection
	GlobalSection(SolutionProperties) = preSolution
		HideSolutionNode = FALSE
	EndGlobalSection
	GlobalSection(NestedProjects) = preSolution
		{5C9F2117-E845-46FE-86D9-90874D66E7BF} = {0F9680C0-2095-4402-9F37-D43CC0F5276F}
		{5D0ED350-CC01-42BF-9FD1-C3C25C928A38} = {0F9680C0-2095-4402-9F37-D43CC0F5276F}
		{BE65D4E6-D50E-40D7-A785-53629B65226D} = {34DA9ABD-98C9-4899-B0BD-654974E9903F}
		{068F0FF4-980C-4452-9892-541B1A955CC1} = {34DA9ABD-98C9-4899-B0BD-654974E9903F}
		{CB3FACBF-FF2D-42DC-B7E0-83C2F7F59B7C} = {193944EB-12FA-4680-B208-9071F0A9CB9F}
		{8E3FFEE8-B47F-4044-81F1-6541CF2546CD} = {193944EB-12FA-4680-B208-9071F0A9CB9F}
		{20110616-4A1D-4D01-BD18-2CBD2EA80FAD} = {193944EB-12FA-4680-B208-9071F0A9CB9F}
		{D2344072-C76B-4482-BF34-44E901EBC096} = {193944EB-12FA-4680-B208-9071F0A9CB9F}
	EndGlobalSection
	GlobalSection(ExtensibilityGlobals) = postSolution
		SolutionGuid = {EC485AE5-9469-45CF-A744-AD2456878F21}
	EndGlobalSection
EndGlobal
